// !$*UTF8*$!
{
	archiveVersion = 1;
	classes = {
	};
	objectVersion = 46;
	objects = {

/* Begin PBXBuildFile section */
		FF84DF491E9886F900A1DE28 /* AppDelegate.swift in Sources */ = {isa = PBXBuildFile; fileRef = FF84DF481E9886F900A1DE28 /* AppDelegate.swift */; };
		FF84DF4E1E9886F900A1DE28 /* Main.storyboard in Resources */ = {isa = PBXBuildFile; fileRef = FF84DF4C1E9886F900A1DE28 /* Main.storyboard */; };
		FF84DF511E9886F900A1DE28 /* Cassini.xcdatamodeld in Sources */ = {isa = PBXBuildFile; fileRef = FF84DF4F1E9886F900A1DE28 /* Cassini.xcdatamodeld */; };
		FF84DF531E9886F900A1DE28 /* Assets.xcassets in Resources */ = {isa = PBXBuildFile; fileRef = FF84DF521E9886F900A1DE28 /* Assets.xcassets */; };
		FF84DF561E9886F900A1DE28 /* LaunchScreen.storyboard in Resources */ = {isa = PBXBuildFile; fileRef = FF84DF541E9886F900A1DE28 /* LaunchScreen.storyboard */; };
		FF84DF5F1E98877700A1DE28 /* ImageViewController.swift in Sources */ = {isa = PBXBuildFile; fileRef = FF84DF5E1E98877700A1DE28 /* ImageViewController.swift */; };
		FF84DF611E988A2900A1DE28 /* DemoURL.swift in Sources */ = {isa = PBXBuildFile; fileRef = FF84DF601E988A2900A1DE28 /* DemoURL.swift */; };
		FF84DF631E989F7800A1DE28 /* CassiniViewController.swift in Sources */ = {isa = PBXBuildFile; fileRef = FF84DF621E989F7800A1DE28 /* CassiniViewController.swift */; };
/* End PBXBuildFile section */

/* Begin PBXFileReference section */
		FF84DF451E9886F900A1DE28 /* Cassini.app */ = {isa = PBXFileReference; explicitFileType = wrapper.application; includeInIndex = 0; path = Cassini.app; sourceTree = BUILT_PRODUCTS_DIR; };
		FF84DF481E9886F900A1DE28 /* AppDelegate.swift */ = {isa = PBXFileReference; lastKnownFileType = sourcecode.swift; path = AppDelegate.swift; sourceTree = "<group>"; };
		FF84DF4D1E9886F900A1DE28 /* Base */ = {isa = PBXFileReference; lastKnownFileType = file.storyboard; name = Base; path = Base.lproj/Main.storyboard; sourceTree = "<group>"; };
		FF84DF501E9886F900A1DE28 /* Cassini.xcdatamodel */ = {isa = PBXFileReference; lastKnownFileType = wrapper.xcdatamodel; path = Cassini.xcdatamodel; sourceTree = "<group>"; };
		FF84DF521E9886F900A1DE28 /* Assets.xcassets */ = {isa = PBXFileReference; lastKnownFileType = folder.assetcatalog; path = Assets.xcassets; sourceTree = "<group>"; };
		FF84DF551E9886F900A1DE28 /* Base */ = {isa = PBXFileReference; lastKnownFileType = file.storyboard; name = Base; path = Base.lproj/LaunchScreen.storyboard; sourceTree = "<group>"; };
		FF84DF571E9886F900A1DE28 /* Info.plist */ = {isa = PBXFileReference; lastKnownFileType = text.plist.xml; path = Info.plist; sourceTree = "<group>"; };
		FF84DF5E1E98877700A1DE28 /* ImageViewController.swift */ = {isa = PBXFileReference; fileEncoding = 4; lastKnownFileType = sourcecode.swift; path = ImageViewController.swift; sourceTree = "<group>"; };
		FF84DF601E988A2900A1DE28 /* DemoURL.swift */ = {isa = PBXFileReference; fileEncoding = 4; lastKnownFileType = sourcecode.swift; path = DemoURL.swift; sourceTree = "<group>"; };
		FF84DF621E989F7800A1DE28 /* CassiniViewController.swift */ = {isa = PBXFileReference; fileEncoding = 4; lastKnownFileType = sourcecode.swift; path = CassiniViewController.swift; sourceTree = "<group>"; };
/* End PBXFileReference section */

/* Begin PBXFrameworksBuildPhase section */
		FF84DF421E9886F900A1DE28 /* Frameworks */ = {
			isa = PBXFrameworksBuildPhase;
			buildActionMask = 2147483647;
			files = (
			);
			runOnlyForDeploymentPostprocessing = 0;
		};
/* End PBXFrameworksBuildPhase section */

/* Begin PBXGroup section */
		FF84DF3C1E9886F900A1DE28 = {
			isa = PBXGroup;
			children = (
				FF84DF471E9886F900A1DE28 /* Cassini */,
				FF84DF461E9886F900A1DE28 /* Products */,
			);
			sourceTree = "<group>";
		};
		FF84DF461E9886F900A1DE28 /* Products */ = {
			isa = PBXGroup;
			children = (
				FF84DF451E9886F900A1DE28 /* Cassini.app */,
			);
			name = Products;
			sourceTree = "<group>";
		};
		FF84DF471E9886F900A1DE28 /* Cassini */ = {
			isa = PBXGroup;
			children = (
				FF84DF4C1E9886F900A1DE28 /* Main.storyboard */,
				FF84DF571E9886F900A1DE28 /* Info.plist */,
				FF84DF5E1E98877700A1DE28 /* ImageViewController.swift */,
				FF84DF621E989F7800A1DE28 /* CassiniViewController.swift */,
				FF84DF601E988A2900A1DE28 /* DemoURL.swift */,
				FF84DF5D1E98871D00A1DE28 /* Supporting files */,
			);
			path = Cassini;
			sourceTree = "<group>";
		};
		FF84DF5D1E98871D00A1DE28 /* Supporting files */ = {
			isa = PBXGroup;
			children = (
				FF84DF481E9886F900A1DE28 /* AppDelegate.swift */,
				FF84DF521E9886F900A1DE28 /* Assets.xcassets */,
				FF84DF541E9886F900A1DE28 /* LaunchScreen.storyboard */,
				FF84DF4F1E9886F900A1DE28 /* Cassini.xcdatamodeld */,
			);
			name = "Supporting files";
			sourceTree = "<group>";
		};
/* End PBXGroup section */

/* Begin PBXNativeTarget section */
		FF84DF441E9886F900A1DE28 /* Cassini */ = {
			isa = PBXNativeTarget;
			buildConfigurationList = FF84DF5A1E9886F900A1DE28 /* Build configuration list for PBXNativeTarget "Cassini" */;
			buildPhases = (
				FF84DF411E9886F900A1DE28 /* Sources */,
				FF84DF421E9886F900A1DE28 /* Frameworks */,
				FF84DF431E9886F900A1DE28 /* Resources */,
			);
			buildRules = (
			);
			dependencies = (
			);
			name = Cassini;
			productName = Cassini;
			productReference = FF84DF451E9886F900A1DE28 /* Cassini.app */;
			productType = "com.apple.product-type.application";
		};
/* End PBXNativeTarget section */

/* Begin PBXProject section */
		FF84DF3D1E9886F900A1DE28 /* Project object */ = {
			isa = PBXProject;
			attributes = {
				LastSwiftUpdateCheck = 0830;
				LastUpgradeCheck = 0830;
				ORGANIZATIONNAME = "Trương Thắng";
				TargetAttributes = {
					FF84DF441E9886F900A1DE28 = {
						CreatedOnToolsVersion = 8.3;
						DevelopmentTeam = 56AJJ634ZU;
						ProvisioningStyle = Automatic;
					};
				};
			};
			buildConfigurationList = FF84DF401E9886F900A1DE28 /* Build configuration list for PBXProject "Cassini" */;
			compatibilityVersion = "Xcode 3.2";
			developmentRegion = English;
			hasScannedForEncodings = 0;
			knownRegions = (
				en,
				Base,
			);
			mainGroup = FF84DF3C1E9886F900A1DE28;
			productRefGroup = FF84DF461E9886F900A1DE28 /* Products */;
			projectDirPath = "";
			projectRoot = "";
			targets = (
				FF84DF441E9886F900A1DE28 /* Cassini */,
			);
		};
/* End PBXProject section */

/* Begin PBXResourcesBuildPhase section */
		FF84DF431E9886F900A1DE28 /* Resources */ = {
			isa = PBXResourcesBuildPhase;
			buildActionMask = 2147483647;
			files = (
				FF84DF561E9886F900A1DE28 /* LaunchScreen.storyboard in Resources */,
				FF84DF531E9886F900A1DE28 /* Assets.xcassets in Resources */,
				FF84DF4E1E9886F900A1DE28 /* Main.storyboard in Resources */,
			);
			runOnlyForDeploymentPostprocessing = 0;
		};
/* End PBXResourcesBuildPhase section */

/* Begin PBXSourcesBuildPhase section */
		FF84DF411E9886F900A1DE28 /* Sources */ = {
			isa = PBXSourcesBuildPhase;
			buildActionMask = 2147483647;
			files = (
				FF84DF611E988A2900A1DE28 /* DemoURL.swift in Sources */,
				FF84DF511E9886F900A1DE28 /* Cassini.xcdatamodeld in Sources */,
				FF84DF5F1E98877700A1DE28 /* ImageViewController.swift in Sources */,
				FF84DF631E989F7800A1DE28 /* CassiniViewController.swift in Sources */,
				FF84DF491E9886F900A1DE28 /* AppDelegate.swift in Sources */,
			);
			runOnlyForDeploymentPostprocessing = 0;
		};
/* End PBXSourcesBuildPhase section */

/* Begin PBXVariantGroup section */
		FF84DF4C1E9886F900A1DE28 /* Main.storyboard */ = {
			isa = PBXVariantGroup;
			children = (
				FF84DF4D1E9886F900A1DE28 /* Base */,
			);
			name = Main.storyboard;
			sourceTree = "<group>";
		};
		FF84DF541E9886F900A1DE28 /* LaunchScreen.storyboard */ = {
			isa = PBXVariantGroup;
			children = (
				FF84DF551E9886F900A1DE28 /* Base */,
			);
			name = LaunchScreen.storyboard;
			sourceTree = "<group>";
		};
/* End PBXVariantGroup section */

/* Begin XCBuildConfiguration section */
		FF84DF581E9886F900A1DE28 /* Debug */ = {
			isa = XCBuildConfiguration;
			buildSettings = {
				ALWAYS_SEARCH_USER_PATHS = NO;
				CLANG_ANALYZER_NONNULL = YES;
				CLANG_ANALYZER_NUMBER_OBJECT_CONVERSION = YES_AGGRESSIVE;
				CLANG_CXX_LANGUAGE_STANDARD = "gnu++0x";
				CLANG_CXX_LIBRARY = "libc++";
				CLANG_ENABLE_MODULES = YES;
				CLANG_ENABLE_OBJC_ARC = YES;
				CLANG_WARN_BOOL_CONVERSION = YES;
				CLANG_WARN_CONSTANT_CONVERSION = YES;
				CLANG_WARN_DIRECT_OBJC_ISA_USAGE = YES_ERROR;
				CLANG_WARN_DOCUMENTATION_COMMENTS = YES;
				CLANG_WARN_EMPTY_BODY = YES;
				CLANG_WARN_ENUM_CONVERSION = YES;
				CLANG_WARN_INFINITE_RECURSION = YES;
				CLANG_WARN_INT_CONVERSION = YES;
				CLANG_WARN_OBJC_ROOT_CLASS = YES_ERROR;
				CLANG_WARN_SUSPICIOUS_MOVE = YES;
				CLANG_WARN_UNREACHABLE_CODE = YES;
				CLANG_WARN__DUPLICATE_METHOD_MATCH = YES;
				"CODE_SIGN_IDENTITY[sdk=iphoneos*]" = "iPhone Developer";
				COPY_PHASE_STRIP = NO;
				DEBUG_INFORMATION_FORMAT = dwarf;
				ENABLE_STRICT_OBJC_MSGSEND = YES;
				ENABLE_TESTABILITY = YES;
				GCC_C_LANGUAGE_STANDARD = gnu99;
				GCC_DYNAMIC_NO_PIC = NO;
				GCC_NO_COMMON_BLOCKS = YES;
				GCC_OPTIMIZATION_LEVEL = 0;
				GCC_PREPROCESSOR_DEFINITIONS = (
					"DEBUG=1",
					"$(inherited)",
				);
				GCC_WARN_64_TO_32_BIT_CONVERSION = YES;
				GCC_WARN_ABOUT_RETURN_TYPE = YES_ERROR;
				GCC_WARN_UNDECLARED_SELECTOR = YES;
				GCC_WARN_UNINITIALIZED_AUTOS = YES_AGGRESSIVE;
				GCC_WARN_UNUSED_FUNCTION = YES;
				GCC_WARN_UNUSED_VARIABLE = YES;
				IPHONEOS_DEPLOYMENT_TARGET = 10.3;
				MTL_ENABLE_DEBUG_INFO = YES;
				ONLY_ACTIVE_ARCH = YES;
				SDKROOT = iphoneos;
				SWIFT_ACTIVE_COMPILATION_CONDITIONS = DEBUG;
				SWIFT_OPTIMIZATION_LEVEL = "-Onone";
			};
			name = Debug;
		};
		FF84DF591E9886F900A1DE28 /* Release */ = {
			isa = XCBuildConfiguration;
			buildSettings = {
				ALWAYS_SEARCH_USER_PATHS = NO;
				CLANG_ANALYZER_NONNULL = YES;
				CLANG_ANALYZER_NUMBER_OBJECT_CONVERSION = YES_AGGRESSIVE;
				CLANG_CXX_LANGUAGE_STANDARD = "gnu++0x";
				CLANG_CXX_LIBRARY = "libc++";
				CLANG_ENABLE_MODULES = YES;
				CLANG_ENABLE_OBJC_ARC = YES;
				CLANG_WARN_BOOL_CONVERSION = YES;
				CLANG_WARN_CONSTANT_CONVERSION = YES;
				CLANG_WARN_DIRECT_OBJC_ISA_USAGE = YES_ERROR;
				CLANG_WARN_DOCUMENTATION_COMMENTS = YES;
				CLANG_WARN_EMPTY_BODY = YES;
				CLANG_WARN_ENUM_CONVERSION = YES;
				CLANG_WARN_INFINITE_RECURSION = YES;
				CLANG_WARN_INT_CONVERSION = YES;
				CLANG_WARN_OBJC_ROOT_CLASS = YES_ERROR;
				CLANG_WARN_SUSPICIOUS_MOVE = YES;
				CLANG_WARN_UNREACHABLE_CODE = YES;
				CLANG_WARN__DUPLICATE_METHOD_MATCH = YES;
				"CODE_SIGN_IDENTITY[sdk=iphoneos*]" = "iPhone Developer";
				COPY_PHASE_STRIP = NO;
				DEBUG_INFORMATION_FORMAT = "dwarf-with-dsym";
				ENABLE_NS_ASSERTIONS = NO;
				ENABLE_STRICT_OBJC_MSGSEND = YES;
				GCC_C_LANGUAGE_STANDARD = gnu99;
				GCC_NO_COMMON_BLOCKS = YES;
				GCC_WARN_64_TO_32_BIT_CONVERSION = YES;
				GCC_WARN_ABOUT_RETURN_TYPE = YES_ERROR;
				GCC_WARN_UNDECLARED_SELECTOR = YES;
				GCC_WARN_UNINITIALIZED_AUTOS = YES_AGGRESSIVE;
				GCC_WARN_UNUSED_FUNCTION = YES;
				GCC_WARN_UNUSED_VARIABLE = YES;
				IPHONEOS_DEPLOYMENT_TARGET = 10.3;
				MTL_ENABLE_DEBUG_INFO = NO;
				SDKROOT = iphoneos;
				SWIFT_OPTIMIZATION_LEVEL = "-Owholemodule";
				VALIDATE_PRODUCT = YES;
			};
			name = Release;
		};
		FF84DF5B1E9886F900A1DE28 /* Debug */ = {
			isa = XCBuildConfiguration;
			buildSettings = {
				ASSETCATALOG_COMPILER_APPICON_NAME = AppIcon;
				DEVELOPMENT_TEAM = 56AJJ634ZU;
				INFOPLIST_FILE = Cassini/Info.plist;
				LD_RUNPATH_SEARCH_PATHS = "$(inherited) @executable_path/Frameworks";
				PRODUCT_BUNDLE_IDENTIFIER = com.example.Big0.Cassini;
				PRODUCT_NAME = "$(TARGET_NAME)";
				SWIFT_VERSION = 3.0;
				TARGETED_DEVICE_FAMILY = "1,2";
			};
			name = Debug;
		};
		FF84DF5C1E9886F900A1DE28 /* Release */ = {
			isa = XCBuildConfiguration;
			buildSettings = {
				ASSETCATALOG_COMPILER_APPICON_NAME = AppIcon;
				DEVELOPMENT_TEAM = 56AJJ634ZU;
				INFOPLIST_FILE = Cassini/Info.plist;
				LD_RUNPATH_SEARCH_PATHS = "$(inherited) @executable_path/Frameworks";
				PRODUCT_BUNDLE_IDENTIFIER = com.example.Big0.Cassini;
				PRODUCT_NAME = "$(TARGET_NAME)";
				SWIFT_VERSION = 3.0;
				TARGETED_DEVICE_FAMILY = "1,2";
			};
			name = Release;
		};
/* End XCBuildConfiguration section */

/* Begin XCConfigurationList section */
		FF84DF401E9886F900A1DE28 /* Build configuration list for PBXProject "Cassini" */ = {
			isa = XCConfigurationList;
			buildConfigurations = (
				FF84DF581E9886F900A1DE28 /* Debug */,
				FF84DF591E9886F900A1DE28 /* Release */,
			);
			defaultConfigurationIsVisible = 0;
			defaultConfigurationName = Release;
		};
		FF84DF5A1E9886F900A1DE28 /* Build configuration list for PBXNativeTarget "Cassini" */ = {
			isa = XCConfigurationList;
			buildConfigurations = (
				FF84DF5B1E9886F900A1DE28 /* Debug */,
				FF84DF5C1E9886F900A1DE28 /* Release */,
			);
			defaultConfigurationIsVisible = 0;
			defaultConfigurationName = Release;
		};
/* End XCConfigurationList section */

/* Begin XCVersionGroup section */
		FF84DF4F1E9886F900A1DE28 /* Cassini.xcdatamodeld */ = {
			isa = XCVersionGroup;
			children = (
				FF84DF501E9886F900A1DE28 /* Cassini.xcdatamodel */,
			);
			currentVersion = FF84DF501E9886F900A1DE28 /* Cassini.xcdatamodel */;
			path = Cassini.xcdatamodeld;
			sourceTree = "<group>";
			versionGroupType = wrapper.xcdatamodel;
		};
/* End XCVersionGroup section */
	};
	rootObject = FF84DF3D1E9886F900A1DE28 /* Project object */;
}
